github.com/ridaadila/go-rida v1.0.0 h1:CHOZsojQTVqqZWbRDJK0lOcZZ8sepPQ6ZHoxJES/svs=
github.com/ridaadila/go-rida v1.0.0/go.mod h1:+JInixaCmX5pE36F137ohVuVLZ7Ha6cngWa8x+2HSAo=
github.com/ridaadila/go-rida v1.0.1 h1:DbZyHzoQBxeMYBg8KUeQoMfqPMmaCih/sIL1htVYooc=
github.com/ridaadila/go-rida v1.0.1/go.mod h1:+JInixaCmX5pE36F137ohVuVLZ7Ha6cngWa8x+2HSAo=
